
Microsoft Visual Studio Solution File, Format Version 12.00
# Visual Studio Version 17
VisualStudioVersion = 17.8.34511.84
MinimumVisualStudioVersion = 10.0.40219.1
Project("{FAE04EC0-301F-11D3-BF4B-00C04F79EFBC}") = "AvocadoExamen", "AvocadoExamen\AvocadoExamen.csproj", "{1545B7BF-7FFB-4385-A7D3-B6553FE100B7}"
EndProject
Global
	GlobalSection(SolutionConfigurationPlatforms) = preSolution
		Debug|Any CPU = Debug|Any CPU
		Release|Any CPU = Release|Any CPU
	EndGlobalSection
	GlobalSection(ProjectConfigurationPlatforms) = postSolution
		{1545B7BF-7FFB-4385-A7D3-B6553FE100B7}.Debug|Any CPU.ActiveCfg = Debug|Any CPU
		{1545B7BF-7FFB-4385-A7D3-B6553FE100B7}.Debug|Any CPU.Build.0 = Debug|Any CPU
		{1545B7BF-7FFB-4385-A7D3-B6553FE100B7}.Release|Any CPU.ActiveCfg = Release|Any CPU
		{1545B7BF-7FFB-4385-A7D3-B6553FE100B7}.Release|Any CPU.Build.0 = Release|Any CPU
	EndGlobalSection
	GlobalSection(SolutionProperties) = preSolution
		HideSolutionNode = FALSE
	EndGlobalSection
	GlobalSection(ExtensibilityGlobals) = postSolution
		SolutionGuid = {DF8BA4F9-D467-4BE9-B5D5-76EADED49EB5}
	EndGlobalSection
EndGlobal
